
Microsoft Visual Studio Solution File, Format Version 12.00
# Visual Studio Version 17
VisualStudioVersion = 17.3.32825.248
MinimumVisualStudioVersion = 10.0.40219.1
Project("{FAE04EC0-301F-11D3-BF4B-00C04F79EFBC}") = "lab_2", "lab_2\lab_2.csproj", "{20A068AF-4710-4E8B-8DFF-3B8FA0BA29B7}"
EndProject
Project("{FAE04EC0-301F-11D3-BF4B-00C04F79EFBC}") = "Figures", "Figures\Figures.csproj", "{388111F4-4434-4AB7-AAA0-2F8661CF1BA8}"
EndProject
Global
	GlobalSection(SolutionConfigurationPlatforms) = preSolution
		Debug|Any CPU = Debug|Any CPU
		Release|Any CPU = Release|Any CPU
	EndGlobalSection
	GlobalSection(ProjectConfigurationPlatforms) = postSolution
		{20A068AF-4710-4E8B-8DFF-3B8FA0BA29B7}.Debug|Any CPU.ActiveCfg = Debug|Any CPU
		{20A068AF-4710-4E8B-8DFF-3B8FA0BA29B7}.Debug|Any CPU.Build.0 = Debug|Any CPU
		{20A068AF-4710-4E8B-8DFF-3B8FA0BA29B7}.Release|Any CPU.ActiveCfg = Release|Any CPU
		{20A068AF-4710-4E8B-8DFF-3B8FA0BA29B7}.Release|Any CPU.Build.0 = Release|Any CPU
		{388111F4-4434-4AB7-AAA0-2F8661CF1BA8}.Debug|Any CPU.ActiveCfg = Debug|Any CPU
		{388111F4-4434-4AB7-AAA0-2F8661CF1BA8}.Debug|Any CPU.Build.0 = Debug|Any CPU
		{388111F4-4434-4AB7-AAA0-2F8661CF1BA8}.Release|Any CPU.ActiveCfg = Release|Any CPU
		{388111F4-4434-4AB7-AAA0-2F8661CF1BA8}.Release|Any CPU.Build.0 = Release|Any CPU
	EndGlobalSection
	GlobalSection(SolutionProperties) = preSolution
		HideSolutionNode = FALSE
	EndGlobalSection
	GlobalSection(ExtensibilityGlobals) = postSolution
		SolutionGuid = {1F4D0F1F-A904-4AFE-8D3F-E4A9CF203478}
	EndGlobalSection
EndGlobal
